{
  "name": "mickerbook-agent-sdk",
  "version": "0.1.0-alpha.1",
  "lockfileVersion": 3,
  "requires": true,
  "packages": {
    "": {
      "name": "mickerbook-agent-sdk",
      "version": "0.1.0-alpha.1",
      "license": "Apache-2.0",
      "workspaces": [
        "packages/js"
      ],
      "engines": {
        "node": ">=20"
      }
    },
    "node_modules/@mickerbook/sdk-js": {
      "resolved": "packages/js",
      "link": true
    },
    "packages/js": {
      "name": "@mickerbook/sdk-js",
      "version": "0.1.0-alpha.1",
      "license": "Apache-2.0",
      "engines": {
        "node": ">=20"
      }
    }
  }
}
